{
  "name": "@useid/typescript-config",
  "version": "0.6.4",
  "lockfileVersion": 3,
  "requires": true,
  "packages": {
    "": {
      "name": "@useid/typescript-config",
      "version": "0.5.0",
      "peerDependencies": {
        "@types/node": "^14.14.41",
        "typescript": "^4.2.3"
      }
    },
    "node_modules/@types/node": {
      "version": "14.18.54",
      "resolved": "https://registry.npmjs.org/@types/node/-/node-14.18.54.tgz",
      "integrity": "sha512-uq7O52wvo2Lggsx1x21tKZgqkJpvwCseBBPtX/nKQfpVlEsLOb11zZ1CRsWUKvJF0+lzuA9jwvA7Pr2Wt7i3xw==",
      "peer": true
    },
    "node_modules/typescript": {
      "version": "4.9.5",
      "resolved": "https://registry.npmjs.org/typescript/-/typescript-4.9.5.tgz",
      "integrity": "sha512-1FXk9E2Hm+QzZQ7z+McJiHL4NW1F2EzMu9Nq9i3zAaGqibafqYwCVU6WyWAuyQRRzOlxou8xZSyXLEN8oKj24g==",
      "peer": true,
      "bin": {
        "tsc": "bin/tsc",
        "tsserver": "bin/tsserver"
      },
      "engines": {
        "node": ">=4.2.0"
      }
    }
  }
}
